
Microsoft Visual Studio Solution File, Format Version 12.00
Project("{FAE04EC0-301F-11D3-BF4B-00C04F79EFBC}") = "Task-Tracker", "Task-Tracker\Task-Tracker.csproj", "{D5FAD878-E005-4DD5-9992-7C9B9721F4AF}"
EndProject
Global
	GlobalSection(SolutionConfigurationPlatforms) = preSolution
		Debug|Any CPU = Debug|Any CPU
		Release|Any CPU = Release|Any CPU
	EndGlobalSection
	GlobalSection(ProjectConfigurationPlatforms) = postSolution
		{D5FAD878-E005-4DD5-9992-7C9B9721F4AF}.Debug|Any CPU.ActiveCfg = Debug|Any CPU
		{D5FAD878-E005-4DD5-9992-7C9B9721F4AF}.Debug|Any CPU.Build.0 = Debug|Any CPU
		{D5FAD878-E005-4DD5-9992-7C9B9721F4AF}.Release|Any CPU.ActiveCfg = Release|Any CPU
		{D5FAD878-E005-4DD5-9992-7C9B9721F4AF}.Release|Any CPU.Build.0 = Release|Any CPU
	EndGlobalSection
EndGlobal
